
Microsoft Visual Studio Solution File, Format Version 12.00
# Visual Studio 15
VisualStudioVersion = 15.0.27130.2036
MinimumVisualStudioVersion = 10.0.40219.1
Project("{FAE04EC0-301F-11D3-BF4B-00C04F79EFBC}") = "TalentGoWebApp", "TalentGoWebApp\TalentGoWebApp.csproj", "{8F251122-6433-4670-B49F-6B71ECF0125B}"
EndProject
Project("{FAE04EC0-301F-11D3-BF4B-00C04F79EFBC}") = "TalentGoCore", "TalentGoCore\TalentGoCore.csproj", "{3DBEA3D2-558B-4A4C-9322-A299E3931E71}"
EndProject
Project("{2150E333-8FDC-42A3-9474-1A3956D46DE8}") = "Documents", "Documents", "{2A0B9839-A619-4C80-B23A-B4258B8B172E}"
	ProjectSection(SolutionItems) = preProject
		README.md = README.md
		Documents\TalentGo招聘管理系统管理操作手册.docx = Documents\TalentGo招聘管理系统管理操作手册.docx
	EndProjectSection
EndProject
Project("{FAE04EC0-301F-11D3-BF4B-00C04F79EFBC}") = "TalentGoEntityFramework", "TalentGoEntityFramework\TalentGoEntityFramework.csproj", "{64782707-EA70-42E4-B2E9-CB716C2CE961}"
EndProject
Project("{FAE04EC0-301F-11D3-BF4B-00C04F79EFBC}") = "TalentGoManagerWebApp", "TalentGoManagerWebApp\TalentGoManagerWebApp.csproj", "{12782FCE-CDC8-4994-9B91-B79ABE31C3E5}"
EndProject
Project("{FAE04EC0-301F-11D3-BF4B-00C04F79EFBC}") = "TalentGoManagerWebApp.Tests", "TalentGoManagerWebApp.Tests\TalentGoManagerWebApp.Tests.csproj", "{7E3BDFB1-ADCE-4492-821E-F5E117C8CA7B}"
EndProject
Project("{2150E333-8FDC-42A3-9474-1A3956D46DE8}") = "WebApplication", "WebApplication", "{4475B889-4A26-46A3-9372-AEE5D98297B6}"
EndProject
Project("{FAE04EC0-301F-11D3-BF4B-00C04F79EFBC}") = "TalentGoWebServerLib", "TalentGoWebServerLib\TalentGoWebServerLib.csproj", "{8B634DDB-FD91-474F-A292-5825322713D5}"
EndProject
Project("{2150E333-8FDC-42A3-9474-1A3956D46DE8}") = "Server", "Server", "{CF13C20A-2B81-429D-942F-E07BAD62B9AC}"
EndProject
Project("{2150E333-8FDC-42A3-9474-1A3956D46DE8}") = "Core", "Core", "{42D62D3E-AF98-4D2D-889D-95D97731D4A5}"
EndProject
Project("{FAE04EC0-301F-11D3-BF4B-00C04F79EFBC}") = "TalentGoWebApp.Tests", "TalentGoWebApp.Tests\TalentGoWebApp.Tests.csproj", "{5FB64C04-3075-44A7-A37B-2F97916F0726}"
EndProject
Project("{FAE04EC0-301F-11D3-BF4B-00C04F79EFBC}") = "TalentGoCore.Tests", "TalentGoCore.Tests\TalentGoCore.Tests.csproj", "{FAFBF882-75ED-40FD-BCEE-F4FA0AB63366}"
EndProject
Project("{FAE04EC0-301F-11D3-BF4B-00C04F79EFBC}") = "TalentGoWebServerLib.Tests", "TalentGoWebServerLib.Tests\TalentGoWebServerLib.Tests.csproj", "{9C875DA7-3EBD-4096-84BC-A0A7C02A5B72}"
EndProject
Global
	GlobalSection(SolutionConfigurationPlatforms) = preSolution
		Debug|Any CPU = Debug|Any CPU
		Release|Any CPU = Release|Any CPU
	EndGlobalSection
	GlobalSection(ProjectConfigurationPlatforms) = postSolution
		{8F251122-6433-4670-B49F-6B71ECF0125B}.Debug|Any CPU.ActiveCfg = Debug|Any CPU
		{8F251122-6433-4670-B49F-6B71ECF0125B}.Debug|Any CPU.Build.0 = Debug|Any CPU
		{8F251122-6433-4670-B49F-6B71ECF0125B}.Release|Any CPU.ActiveCfg = Release|Any CPU
		{8F251122-6433-4670-B49F-6B71ECF0125B}.Release|Any CPU.Build.0 = Release|Any CPU
		{3DBEA3D2-558B-4A4C-9322-A299E3931E71}.Debug|Any CPU.ActiveCfg = Debug|Any CPU
		{3DBEA3D2-558B-4A4C-9322-A299E3931E71}.Debug|Any CPU.Build.0 = Debug|Any CPU
		{3DBEA3D2-558B-4A4C-9322-A299E3931E71}.Release|Any CPU.ActiveCfg = Release|Any CPU
		{3DBEA3D2-558B-4A4C-9322-A299E3931E71}.Release|Any CPU.Build.0 = Release|Any CPU
		{64782707-EA70-42E4-B2E9-CB716C2CE961}.Debug|Any CPU.ActiveCfg = Debug|Any CPU
		{64782707-EA70-42E4-B2E9-CB716C2CE961}.Debug|Any CPU.Build.0 = Debug|Any CPU
		{64782707-EA70-42E4-B2E9-CB716C2CE961}.Release|Any CPU.ActiveCfg = Release|Any CPU
		{64782707-EA70-42E4-B2E9-CB716C2CE961}.Release|Any CPU.Build.0 = Release|Any CPU
		{12782FCE-CDC8-4994-9B91-B79ABE31C3E5}.Debug|Any CPU.ActiveCfg = Debug|Any CPU
		{12782FCE-CDC8-4994-9B91-B79ABE31C3E5}.Debug|Any CPU.Build.0 = Debug|Any CPU
		{12782FCE-CDC8-4994-9B91-B79ABE31C3E5}.Release|Any CPU.ActiveCfg = Release|Any CPU
		{12782FCE-CDC8-4994-9B91-B79ABE31C3E5}.Release|Any CPU.Build.0 = Release|Any CPU
		{7E3BDFB1-ADCE-4492-821E-F5E117C8CA7B}.Debug|Any CPU.ActiveCfg = Debug|Any CPU
		{7E3BDFB1-ADCE-4492-821E-F5E117C8CA7B}.Debug|Any CPU.Build.0 = Debug|Any CPU
		{7E3BDFB1-ADCE-4492-821E-F5E117C8CA7B}.Release|Any CPU.ActiveCfg = Release|Any CPU
		{7E3BDFB1-ADCE-4492-821E-F5E117C8CA7B}.Release|Any CPU.Build.0 = Release|Any CPU
		{8B634DDB-FD91-474F-A292-5825322713D5}.Debug|Any CPU.ActiveCfg = Debug|Any CPU
		{8B634DDB-FD91-474F-A292-5825322713D5}.Debug|Any CPU.Build.0 = Debug|Any CPU
		{8B634DDB-FD91-474F-A292-5825322713D5}.Release|Any CPU.ActiveCfg = Release|Any CPU
		{8B634DDB-FD91-474F-A292-5825322713D5}.Release|Any CPU.Build.0 = Release|Any CPU
		{5FB64C04-3075-44A7-A37B-2F97916F0726}.Debug|Any CPU.ActiveCfg = Debug|Any CPU
		{5FB64C04-3075-44A7-A37B-2F97916F0726}.Debug|Any CPU.Build.0 = Debug|Any CPU
		{5FB64C04-3075-44A7-A37B-2F97916F0726}.Release|Any CPU.ActiveCfg = Release|Any CPU
		{5FB64C04-3075-44A7-A37B-2F97916F0726}.Release|Any CPU.Build.0 = Release|Any CPU
		{FAFBF882-75ED-40FD-BCEE-F4FA0AB63366}.Debug|Any CPU.ActiveCfg = Debug|Any CPU
		{FAFBF882-75ED-40FD-BCEE-F4FA0AB63366}.Debug|Any CPU.Build.0 = Debug|Any CPU
		{FAFBF882-75ED-40FD-BCEE-F4FA0AB63366}.Release|Any CPU.ActiveCfg = Release|Any CPU
		{FAFBF882-75ED-40FD-BCEE-F4FA0AB63366}.Release|Any CPU.Build.0 = Release|Any CPU
		{9C875DA7-3EBD-4096-84BC-A0A7C02A5B72}.Debug|Any CPU.ActiveCfg = Debug|Any CPU
		{9C875DA7-3EBD-4096-84BC-A0A7C02A5B72}.Debug|Any CPU.Build.0 = Debug|Any CPU
		{9C875DA7-3EBD-4096-84BC-A0A7C02A5B72}.Release|Any CPU.ActiveCfg = Release|Any CPU
		{9C875DA7-3EBD-4096-84BC-A0A7C02A5B72}.Release|Any CPU.Build.0 = Release|Any CPU
	EndGlobalSection
	GlobalSection(SolutionProperties) = preSolution
		HideSolutionNode = FALSE
	EndGlobalSection
	GlobalSection(NestedProjects) = preSolution
		{8F251122-6433-4670-B49F-6B71ECF0125B} = {4475B889-4A26-46A3-9372-AEE5D98297B6}
		{3DBEA3D2-558B-4A4C-9322-A299E3931E71} = {42D62D3E-AF98-4D2D-889D-95D97731D4A5}
		{64782707-EA70-42E4-B2E9-CB716C2CE961} = {42D62D3E-AF98-4D2D-889D-95D97731D4A5}
		{12782FCE-CDC8-4994-9B91-B79ABE31C3E5} = {4475B889-4A26-46A3-9372-AEE5D98297B6}
		{7E3BDFB1-ADCE-4492-821E-F5E117C8CA7B} = {4475B889-4A26-46A3-9372-AEE5D98297B6}
		{8B634DDB-FD91-474F-A292-5825322713D5} = {CF13C20A-2B81-429D-942F-E07BAD62B9AC}
		{5FB64C04-3075-44A7-A37B-2F97916F0726} = {4475B889-4A26-46A3-9372-AEE5D98297B6}
		{FAFBF882-75ED-40FD-BCEE-F4FA0AB63366} = {42D62D3E-AF98-4D2D-889D-95D97731D4A5}
		{9C875DA7-3EBD-4096-84BC-A0A7C02A5B72} = {CF13C20A-2B81-429D-942F-E07BAD62B9AC}
	EndGlobalSection
	GlobalSection(ExtensibilityGlobals) = postSolution
		SolutionGuid = {F134B673-5B42-45AD-9AB8-1E4D4527DD50}
	EndGlobalSection
EndGlobal
