
Microsoft Visual Studio Solution File, Format Version 12.00
# Visual Studio 14
VisualStudioVersion = 14.0.25420.1
MinimumVisualStudioVersion = 10.0.40219.1
Project("{FAE04EC0-301F-11D3-BF4B-00C04F79EFBC}") = "TalentGoWebApp", "TalentGoWebApp\TalentGoWebApp.csproj", "{8F251122-6433-4670-B49F-6B71ECF0125B}"
EndProject
Project("{FAE04EC0-301F-11D3-BF4B-00C04F79EFBC}") = "TalentGoCore", "TalentGoCore\TalentGoCore.csproj", "{3DBEA3D2-558B-4A4C-9322-A299E3931E71}"
EndProject
Project("{FAE04EC0-301F-11D3-BF4B-00C04F79EFBC}") = "DataProc", "DataProc\DataProc.csproj", "{FC0D61CB-E145-42A9-8E4C-FBA2AEA74D1D}"
EndProject
Project("{FAE04EC0-301F-11D3-BF4B-00C04F79EFBC}") = "TalentGoBackendService", "TalentGoBackendService\TalentGoBackendService.csproj", "{372CD951-8635-4EB6-9D33-7F5C0ECFE929}"
EndProject
Project("{FAE04EC0-301F-11D3-BF4B-00C04F79EFBC}") = "TalentGoDataAccess", "TalentGoDataAccess\TalentGoDataAccess.csproj", "{64782707-EA70-42E4-B2E9-CB716C2CE961}"
EndProject
Project("{FAE04EC0-301F-11D3-BF4B-00C04F79EFBC}") = "TalentGoWeb", "TalentGoWeb\TalentGoWeb.csproj", "{8B634DDB-FD91-474F-A292-5825322713D5}"
EndProject
Project("{FAE04EC0-301F-11D3-BF4B-00C04F79EFBC}") = "TalentGoDataAccessTests", "TalentGoDataAccessTests\TalentGoDataAccessTests.csproj", "{FE6098BC-56D5-49DE-BF5E-E59A30EB7FC2}"
EndProject
Project("{2150E333-8FDC-42A3-9474-1A3956D46DE8}") = "UnitTests", "UnitTests", "{B8A7101B-552F-4AEE-8367-D8CD6E8BC988}"
EndProject
Project("{FAE04EC0-301F-11D3-BF4B-00C04F79EFBC}") = "TalentGoCoreTests", "TalentGoCoreTests\TalentGoCoreTests.csproj", "{BA1FDA5A-CBCD-4766-9D44-B1BC16FA0EAF}"
EndProject
Global
	GlobalSection(SolutionConfigurationPlatforms) = preSolution
		Debug|Any CPU = Debug|Any CPU
		Release|Any CPU = Release|Any CPU
	EndGlobalSection
	GlobalSection(ProjectConfigurationPlatforms) = postSolution
		{8F251122-6433-4670-B49F-6B71ECF0125B}.Debug|Any CPU.ActiveCfg = Debug|Any CPU
		{8F251122-6433-4670-B49F-6B71ECF0125B}.Debug|Any CPU.Build.0 = Debug|Any CPU
		{8F251122-6433-4670-B49F-6B71ECF0125B}.Release|Any CPU.ActiveCfg = Release|Any CPU
		{8F251122-6433-4670-B49F-6B71ECF0125B}.Release|Any CPU.Build.0 = Release|Any CPU
		{3DBEA3D2-558B-4A4C-9322-A299E3931E71}.Debug|Any CPU.ActiveCfg = Debug|Any CPU
		{3DBEA3D2-558B-4A4C-9322-A299E3931E71}.Debug|Any CPU.Build.0 = Debug|Any CPU
		{3DBEA3D2-558B-4A4C-9322-A299E3931E71}.Release|Any CPU.ActiveCfg = Release|Any CPU
		{3DBEA3D2-558B-4A4C-9322-A299E3931E71}.Release|Any CPU.Build.0 = Release|Any CPU
		{FC0D61CB-E145-42A9-8E4C-FBA2AEA74D1D}.Debug|Any CPU.ActiveCfg = Debug|Any CPU
		{FC0D61CB-E145-42A9-8E4C-FBA2AEA74D1D}.Debug|Any CPU.Build.0 = Debug|Any CPU
		{FC0D61CB-E145-42A9-8E4C-FBA2AEA74D1D}.Release|Any CPU.ActiveCfg = Release|Any CPU
		{FC0D61CB-E145-42A9-8E4C-FBA2AEA74D1D}.Release|Any CPU.Build.0 = Release|Any CPU
		{372CD951-8635-4EB6-9D33-7F5C0ECFE929}.Debug|Any CPU.ActiveCfg = Debug|Any CPU
		{372CD951-8635-4EB6-9D33-7F5C0ECFE929}.Debug|Any CPU.Build.0 = Debug|Any CPU
		{372CD951-8635-4EB6-9D33-7F5C0ECFE929}.Release|Any CPU.ActiveCfg = Release|Any CPU
		{372CD951-8635-4EB6-9D33-7F5C0ECFE929}.Release|Any CPU.Build.0 = Release|Any CPU
		{64782707-EA70-42E4-B2E9-CB716C2CE961}.Debug|Any CPU.ActiveCfg = Debug|Any CPU
		{64782707-EA70-42E4-B2E9-CB716C2CE961}.Debug|Any CPU.Build.0 = Debug|Any CPU
		{64782707-EA70-42E4-B2E9-CB716C2CE961}.Release|Any CPU.ActiveCfg = Release|Any CPU
		{64782707-EA70-42E4-B2E9-CB716C2CE961}.Release|Any CPU.Build.0 = Release|Any CPU
		{8B634DDB-FD91-474F-A292-5825322713D5}.Debug|Any CPU.ActiveCfg = Debug|Any CPU
		{8B634DDB-FD91-474F-A292-5825322713D5}.Debug|Any CPU.Build.0 = Debug|Any CPU
		{8B634DDB-FD91-474F-A292-5825322713D5}.Release|Any CPU.ActiveCfg = Release|Any CPU
		{8B634DDB-FD91-474F-A292-5825322713D5}.Release|Any CPU.Build.0 = Release|Any CPU
		{FE6098BC-56D5-49DE-BF5E-E59A30EB7FC2}.Debug|Any CPU.ActiveCfg = Debug|Any CPU
		{FE6098BC-56D5-49DE-BF5E-E59A30EB7FC2}.Debug|Any CPU.Build.0 = Debug|Any CPU
		{FE6098BC-56D5-49DE-BF5E-E59A30EB7FC2}.Release|Any CPU.ActiveCfg = Release|Any CPU
		{FE6098BC-56D5-49DE-BF5E-E59A30EB7FC2}.Release|Any CPU.Build.0 = Release|Any CPU
		{BA1FDA5A-CBCD-4766-9D44-B1BC16FA0EAF}.Debug|Any CPU.ActiveCfg = Debug|Any CPU
		{BA1FDA5A-CBCD-4766-9D44-B1BC16FA0EAF}.Debug|Any CPU.Build.0 = Debug|Any CPU
		{BA1FDA5A-CBCD-4766-9D44-B1BC16FA0EAF}.Release|Any CPU.ActiveCfg = Release|Any CPU
		{BA1FDA5A-CBCD-4766-9D44-B1BC16FA0EAF}.Release|Any CPU.Build.0 = Release|Any CPU
	EndGlobalSection
	GlobalSection(SolutionProperties) = preSolution
		HideSolutionNode = FALSE
	EndGlobalSection
	GlobalSection(NestedProjects) = preSolution
		{FE6098BC-56D5-49DE-BF5E-E59A30EB7FC2} = {B8A7101B-552F-4AEE-8367-D8CD6E8BC988}
		{BA1FDA5A-CBCD-4766-9D44-B1BC16FA0EAF} = {B8A7101B-552F-4AEE-8367-D8CD6E8BC988}
	EndGlobalSection
EndGlobal
